// !$*UTF8*$!
{
	archiveVersion = 1;
	classes = {
	};
	objectVersion = 50;
	objects = {

/* Begin PBXBuildFile section */
		DD41A8DE2414BDC100F38991 /* AppDelegate.swift in Sources */ = {isa = PBXBuildFile; fileRef = DD41A8DD2414BDC100F38991 /* AppDelegate.swift */; };
		DD41A8E02414BDC100F38991 /* SceneDelegate.swift in Sources */ = {isa = PBXBuildFile; fileRef = DD41A8DF2414BDC100F38991 /* SceneDelegate.swift */; };
		DD41A8E22414BDC100F38991 /* ContentView.swift in Sources */ = {isa = PBXBuildFile; fileRef = DD41A8E12414BDC100F38991 /* ContentView.swift */; };
		DD41A8E42414BDC300F38991 /* Assets.xcassets in Resources */ = {isa = PBXBuildFile; fileRef = DD41A8E32414BDC300F38991 /* Assets.xcassets */; };
		DD41A8E72414BDC300F38991 /* Preview Assets.xcassets in Resources */ = {isa = PBXBuildFile; fileRef = DD41A8E62414BDC300F38991 /* Preview Assets.xcassets */; };
		DD41A8EA2414BDC300F38991 /* LaunchScreen.storyboard in Resources */ = {isa = PBXBuildFile; fileRef = DD41A8E82414BDC300F38991 /* LaunchScreen.storyboard */; };
		DD41A8F52414BDC300F38991 /* PengChauFerryTests.swift in Sources */ = {isa = PBXBuildFile; fileRef = DD41A8F42414BDC300F38991 /* PengChauFerryTests.swift */; };
		DD41A9002414BDC300F38991 /* PengChauFerryUITests.swift in Sources */ = {isa = PBXBuildFile; fileRef = DD41A8FF2414BDC300F38991 /* PengChauFerryUITests.swift */; };
/* End PBXBuildFile section */

/* Begin PBXContainerItemProxy section */
		DD41A8F12414BDC300F38991 /* PBXContainerItemProxy */ = {
			isa = PBXContainerItemProxy;
			containerPortal = DD41A8D22414BDC000F38991 /* Project object */;
			proxyType = 1;
			remoteGlobalIDString = DD41A8D92414BDC100F38991;
			remoteInfo = PengChauFerry;
		};
		DD41A8FC2414BDC300F38991 /* PBXContainerItemProxy */ = {
			isa = PBXContainerItemProxy;
			containerPortal = DD41A8D22414BDC000F38991 /* Project object */;
			proxyType = 1;
			remoteGlobalIDString = DD41A8D92414BDC100F38991;
			remoteInfo = PengChauFerry;
		};
/* End PBXContainerItemProxy section */

/* Begin PBXFileReference section */
		DD41A8DA2414BDC100F38991 /* PengChauFerry.app */ = {isa = PBXFileReference; explicitFileType = wrapper.application; includeInIndex = 0; path = PengChauFerry.app; sourceTree = BUILT_PRODUCTS_DIR; };
		DD41A8DD2414BDC100F38991 /* AppDelegate.swift */ = {isa = PBXFileReference; lastKnownFileType = sourcecode.swift; path = AppDelegate.swift; sourceTree = "<group>"; };
		DD41A8DF2414BDC100F38991 /* SceneDelegate.swift */ = {isa = PBXFileReference; lastKnownFileType = sourcecode.swift; path = SceneDelegate.swift; sourceTree = "<group>"; };
		DD41A8E12414BDC100F38991 /* ContentView.swift */ = {isa = PBXFileReference; lastKnownFileType = sourcecode.swift; path = ContentView.swift; sourceTree = "<group>"; };
		DD41A8E32414BDC300F38991 /* Assets.xcassets */ = {isa = PBXFileReference; lastKnownFileType = folder.assetcatalog; path = Assets.xcassets; sourceTree = "<group>"; };
		DD41A8E62414BDC300F38991 /* Preview Assets.xcassets */ = {isa = PBXFileReference; lastKnownFileType = folder.assetcatalog; path = "Preview Assets.xcassets"; sourceTree = "<group>"; };
		DD41A8E92414BDC300F38991 /* Base */ = {isa = PBXFileReference; lastKnownFileType = file.storyboard; name = Base; path = Base.lproj/LaunchScreen.storyboard; sourceTree = "<group>"; };
		DD41A8EB2414BDC300F38991 /* Info.plist */ = {isa = PBXFileReference; lastKnownFileType = text.plist.xml; path = Info.plist; sourceTree = "<group>"; };
		DD41A8F02414BDC300F38991 /* PengChauFerryTests.xctest */ = {isa = PBXFileReference; explicitFileType = wrapper.cfbundle; includeInIndex = 0; path = PengChauFerryTests.xctest; sourceTree = BUILT_PRODUCTS_DIR; };
		DD41A8F42414BDC300F38991 /* PengChauFerryTests.swift */ = {isa = PBXFileReference; lastKnownFileType = sourcecode.swift; path = PengChauFerryTests.swift; sourceTree = "<group>"; };
		DD41A8F62414BDC300F38991 /* Info.plist */ = {isa = PBXFileReference; lastKnownFileType = text.plist.xml; path = Info.plist; sourceTree = "<group>"; };
		DD41A8FB2414BDC300F38991 /* PengChauFerryUITests.xctest */ = {isa = PBXFileReference; explicitFileType = wrapper.cfbundle; includeInIndex = 0; path = PengChauFerryUITests.xctest; sourceTree = BUILT_PRODUCTS_DIR; };
		DD41A8FF2414BDC300F38991 /* PengChauFerryUITests.swift */ = {isa = PBXFileReference; lastKnownFileType = sourcecode.swift; path = PengChauFerryUITests.swift; sourceTree = "<group>"; };
		DD41A9012414BDC300F38991 /* Info.plist */ = {isa = PBXFileReference; lastKnownFileType = text.plist.xml; path = Info.plist; sourceTree = "<group>"; };
/* End PBXFileReference section */

/* Begin PBXFrameworksBuildPhase section */
		DD41A8D72414BDC100F38991 /* Frameworks */ = {
			isa = PBXFrameworksBuildPhase;
			buildActionMask = 2147483647;
			files = (
			);
			runOnlyForDeploymentPostprocessing = 0;
		};
		DD41A8ED2414BDC300F38991 /* Frameworks */ = {
			isa = PBXFrameworksBuildPhase;
			buildActionMask = 2147483647;
			files = (
			);
			runOnlyForDeploymentPostprocessing = 0;
		};
		DD41A8F82414BDC300F38991 /* Frameworks */ = {
			isa = PBXFrameworksBuildPhase;
			buildActionMask = 2147483647;
			files = (
			);
			runOnlyForDeploymentPostprocessing = 0;
		};
/* End PBXFrameworksBuildPhase section */

/* Begin PBXGroup section */
		DD41A8D12414BDC000F38991 = {
			isa = PBXGroup;
			children = (
				DD41A8DC2414BDC100F38991 /* PengChauFerry */,
				DD41A8F32414BDC300F38991 /* PengChauFerryTests */,
				DD41A8FE2414BDC300F38991 /* PengChauFerryUITests */,
				DD41A8DB2414BDC100F38991 /* Products */,
			);
			sourceTree = "<group>";
		};
		DD41A8DB2414BDC100F38991 /* Products */ = {
			isa = PBXGroup;
			children = (
				DD41A8DA2414BDC100F38991 /* PengChauFerry.app */,
				DD41A8F02414BDC300F38991 /* PengChauFerryTests.xctest */,
				DD41A8FB2414BDC300F38991 /* PengChauFerryUITests.xctest */,
			);
			name = Products;
			sourceTree = "<group>";
		};
		DD41A8DC2414BDC100F38991 /* PengChauFerry */ = {
			isa = PBXGroup;
			children = (
				DD41A8DD2414BDC100F38991 /* AppDelegate.swift */,
				DD41A8DF2414BDC100F38991 /* SceneDelegate.swift */,
				DD41A8E12414BDC100F38991 /* ContentView.swift */,
				DD41A8E32414BDC300F38991 /* Assets.xcassets */,
				DD41A8E82414BDC300F38991 /* LaunchScreen.storyboard */,
				DD41A8EB2414BDC300F38991 /* Info.plist */,
				DD41A8E52414BDC300F38991 /* Preview Content */,
			);
			path = PengChauFerry;
			sourceTree = "<group>";
		};
		DD41A8E52414BDC300F38991 /* Preview Content */ = {
			isa = PBXGroup;
			children = (
				DD41A8E62414BDC300F38991 /* Preview Assets.xcassets */,
			);
			path = "Preview Content";
			sourceTree = "<group>";
		};
		DD41A8F32414BDC300F38991 /* PengChauFerryTests */ = {
			isa = PBXGroup;
			children = (
				DD41A8F42414BDC300F38991 /* PengChauFerryTests.swift */,
				DD41A8F62414BDC300F38991 /* Info.plist */,
			);
			path = PengChauFerryTests;
			sourceTree = "<group>";
		};
		DD41A8FE2414BDC300F38991 /* PengChauFerryUITests */ = {
			isa = PBXGroup;
			children = (
				DD41A8FF2414BDC300F38991 /* PengChauFerryUITests.swift */,
				DD41A9012414BDC300F38991 /* Info.plist */,
			);
			path = PengChauFerryUITests;
			sourceTree = "<group>";
		};
/* End PBXGroup section */

/* Begin PBXNativeTarget section */
		DD41A8D92414BDC100F38991 /* PengChauFerry */ = {
			isa = PBXNativeTarget;
			buildConfigurationList = DD41A9042414BDC300F38991 /* Build configuration list for PBXNativeTarget "PengChauFerry" */;
			buildPhases = (
				DD41A8D62414BDC100F38991 /* Sources */,
				DD41A8D72414BDC100F38991 /* Frameworks */,
				DD41A8D82414BDC100F38991 /* Resources */,
			);
			buildRules = (
			);
			dependencies = (
			);
			name = PengChauFerry;
			productName = PengChauFerry;
			productReference = DD41A8DA2414BDC100F38991 /* PengChauFerry.app */;
			productType = "com.apple.product-type.application";
		};
		DD41A8EF2414BDC300F38991 /* PengChauFerryTests */ = {
			isa = PBXNativeTarget;
			buildConfigurationList = DD41A9072414BDC300F38991 /* Build configuration list for PBXNativeTarget "PengChauFerryTests" */;
			buildPhases = (
				DD41A8EC2414BDC300F38991 /* Sources */,
				DD41A8ED2414BDC300F38991 /* Frameworks */,
				DD41A8EE2414BDC300F38991 /* Resources */,
			);
			buildRules = (
			);
			dependencies = (
				DD41A8F22414BDC300F38991 /* PBXTargetDependency */,
			);
			name = PengChauFerryTests;
			productName = PengChauFerryTests;
			productReference = DD41A8F02414BDC300F38991 /* PengChauFerryTests.xctest */;
			productType = "com.apple.product-type.bundle.unit-test";
		};
		DD41A8FA2414BDC300F38991 /* PengChauFerryUITests */ = {
			isa = PBXNativeTarget;
			buildConfigurationList = DD41A90A2414BDC300F38991 /* Build configuration list for PBXNativeTarget "PengChauFerryUITests" */;
			buildPhases = (
				DD41A8F72414BDC300F38991 /* Sources */,
				DD41A8F82414BDC300F38991 /* Frameworks */,
				DD41A8F92414BDC300F38991 /* Resources */,
			);
			buildRules = (
			);
			dependencies = (
				DD41A8FD2414BDC300F38991 /* PBXTargetDependency */,
			);
			name = PengChauFerryUITests;
			productName = PengChauFerryUITests;
			productReference = DD41A8FB2414BDC300F38991 /* PengChauFerryUITests.xctest */;
			productType = "com.apple.product-type.bundle.ui-testing";
		};
/* End PBXNativeTarget section */

/* Begin PBXProject section */
		DD41A8D22414BDC000F38991 /* Project object */ = {
			isa = PBXProject;
			attributes = {
				LastSwiftUpdateCheck = 1130;
				LastUpgradeCheck = 1130;
				ORGANIZATIONNAME = "Lionello Lunesu";
				TargetAttributes = {
					DD41A8D92414BDC100F38991 = {
						CreatedOnToolsVersion = 11.3.1;
					};
					DD41A8EF2414BDC300F38991 = {
						CreatedOnToolsVersion = 11.3.1;
						TestTargetID = DD41A8D92414BDC100F38991;
					};
					DD41A8FA2414BDC300F38991 = {
						CreatedOnToolsVersion = 11.3.1;
						TestTargetID = DD41A8D92414BDC100F38991;
					};
				};
			};
			buildConfigurationList = DD41A8D52414BDC000F38991 /* Build configuration list for PBXProject "PengChauFerry" */;
			compatibilityVersion = "Xcode 9.3";
			developmentRegion = en;
			hasScannedForEncodings = 0;
			knownRegions = (
				en,
				Base,
			);
			mainGroup = DD41A8D12414BDC000F38991;
			productRefGroup = DD41A8DB2414BDC100F38991 /* Products */;
			projectDirPath = "";
			projectRoot = "";
			targets = (
				DD41A8D92414BDC100F38991 /* PengChauFerry */,
				DD41A8EF2414BDC300F38991 /* PengChauFerryTests */,
				DD41A8FA2414BDC300F38991 /* PengChauFerryUITests */,
			);
		};
/* End PBXProject section */

/* Begin PBXResourcesBuildPhase section */
		DD41A8D82414BDC100F38991 /* Resources */ = {
			isa = PBXResourcesBuildPhase;
			buildActionMask = 2147483647;
			files = (
				DD41A8EA2414BDC300F38991 /* LaunchScreen.storyboard in Resources */,
				DD41A8E72414BDC300F38991 /* Preview Assets.xcassets in Resources */,
				DD41A8E42414BDC300F38991 /* Assets.xcassets in Resources */,
			);
			runOnlyForDeploymentPostprocessing = 0;
		};
		DD41A8EE2414BDC300F38991 /* Resources */ = {
			isa = PBXResourcesBuildPhase;
			buildActionMask = 2147483647;
			files = (
			);
			runOnlyForDeploymentPostprocessing = 0;
		};
		DD41A8F92414BDC300F38991 /* Resources */ = {
			isa = PBXResourcesBuildPhase;
			buildActionMask = 2147483647;
			files = (
			);
			runOnlyForDeploymentPostprocessing = 0;
		};
/* End PBXResourcesBuildPhase section */

/* Begin PBXSourcesBuildPhase section */
		DD41A8D62414BDC100F38991 /* Sources */ = {
			isa = PBXSourcesBuildPhase;
			buildActionMask = 2147483647;
			files = (
				DD41A8DE2414BDC100F38991 /* AppDelegate.swift in Sources */,
				DD41A8E02414BDC100F38991 /* SceneDelegate.swift in Sources */,
				DD41A8E22414BDC100F38991 /* ContentView.swift in Sources */,
			);
			runOnlyForDeploymentPostprocessing = 0;
		};
		DD41A8EC2414BDC300F38991 /* Sources */ = {
			isa = PBXSourcesBuildPhase;
			buildActionMask = 2147483647;
			files = (
				DD41A8F52414BDC300F38991 /* PengChauFerryTests.swift in Sources */,
			);
			runOnlyForDeploymentPostprocessing = 0;
		};
		DD41A8F72414BDC300F38991 /* Sources */ = {
			isa = PBXSourcesBuildPhase;
			buildActionMask = 2147483647;
			files = (
				DD41A9002414BDC300F38991 /* PengChauFerryUITests.swift in Sources */,
			);
			runOnlyForDeploymentPostprocessing = 0;
		};
/* End PBXSourcesBuildPhase section */

/* Begin PBXTargetDependency section */
		DD41A8F22414BDC300F38991 /* PBXTargetDependency */ = {
			isa = PBXTargetDependency;
			target = DD41A8D92414BDC100F38991 /* PengChauFerry */;
			targetProxy = DD41A8F12414BDC300F38991 /* PBXContainerItemProxy */;
		};
		DD41A8FD2414BDC300F38991 /* PBXTargetDependency */ = {
			isa = PBXTargetDependency;
			target = DD41A8D92414BDC100F38991 /* PengChauFerry */;
			targetProxy = DD41A8FC2414BDC300F38991 /* PBXContainerItemProxy */;
		};
/* End PBXTargetDependency section */

/* Begin PBXVariantGroup section */
		DD41A8E82414BDC300F38991 /* LaunchScreen.storyboard */ = {
			isa = PBXVariantGroup;
			children = (
				DD41A8E92414BDC300F38991 /* Base */,
			);
			name = LaunchScreen.storyboard;
			sourceTree = "<group>";
		};
/* End PBXVariantGroup section */

/* Begin XCBuildConfiguration section */
		DD41A9022414BDC300F38991 /* Debug */ = {
			isa = XCBuildConfiguration;
			buildSettings = {
				ALWAYS_SEARCH_USER_PATHS = NO;
				CLANG_ANALYZER_NONNULL = YES;
				CLANG_ANALYZER_NUMBER_OBJECT_CONVERSION = YES_AGGRESSIVE;
				CLANG_CXX_LANGUAGE_STANDARD = "gnu++14";
				CLANG_CXX_LIBRARY = "libc++";
				CLANG_ENABLE_MODULES = YES;
				CLANG_ENABLE_OBJC_ARC = YES;
				CLANG_ENABLE_OBJC_WEAK = YES;
				CLANG_WARN_BLOCK_CAPTURE_AUTORELEASING = YES;
				CLANG_WARN_BOOL_CONVERSION = YES;
				CLANG_WARN_COMMA = YES;
				CLANG_WARN_CONSTANT_CONVERSION = YES;
				CLANG_WARN_DEPRECATED_OBJC_IMPLEMENTATIONS = YES;
				CLANG_WARN_DIRECT_OBJC_ISA_USAGE = YES_ERROR;
				CLANG_WARN_DOCUMENTATION_COMMENTS = YES;
				CLANG_WARN_EMPTY_BODY = YES;
				CLANG_WARN_ENUM_CONVERSION = YES;
				CLANG_WARN_INFINITE_RECURSION = YES;
				CLANG_WARN_INT_CONVERSION = YES;
				CLANG_WARN_NON_LITERAL_NULL_CONVERSION = YES;
				CLANG_WARN_OBJC_IMPLICIT_RETAIN_SELF = YES;
				CLANG_WARN_OBJC_LITERAL_CONVERSION = YES;
				CLANG_WARN_OBJC_ROOT_CLASS = YES_ERROR;
				CLANG_WARN_RANGE_LOOP_ANALYSIS = YES;
				CLANG_WARN_STRICT_PROTOTYPES = YES;
				CLANG_WARN_SUSPICIOUS_MOVE = YES;
				CLANG_WARN_UNGUARDED_AVAILABILITY = YES_AGGRESSIVE;
				CLANG_WARN_UNREACHABLE_CODE = YES;
				CLANG_WARN__DUPLICATE_METHOD_MATCH = YES;
				COPY_PHASE_STRIP = NO;
				DEBUG_INFORMATION_FORMAT = dwarf;
				ENABLE_STRICT_OBJC_MSGSEND = YES;
				ENABLE_TESTABILITY = YES;
				GCC_C_LANGUAGE_STANDARD = gnu11;
				GCC_DYNAMIC_NO_PIC = NO;
				GCC_NO_COMMON_BLOCKS = YES;
				GCC_OPTIMIZATION_LEVEL = 0;
				GCC_PREPROCESSOR_DEFINITIONS = (
					"DEBUG=1",
					"$(inherited)",
				);
				GCC_WARN_64_TO_32_BIT_CONVERSION = YES;
				GCC_WARN_ABOUT_RETURN_TYPE = YES_ERROR;
				GCC_WARN_UNDECLARED_SELECTOR = YES;
				GCC_WARN_UNINITIALIZED_AUTOS = YES_AGGRESSIVE;
				GCC_WARN_UNUSED_FUNCTION = YES;
				GCC_WARN_UNUSED_VARIABLE = YES;
				IPHONEOS_DEPLOYMENT_TARGET = 13.2;
				MTL_ENABLE_DEBUG_INFO = INCLUDE_SOURCE;
				MTL_FAST_MATH = YES;
				ONLY_ACTIVE_ARCH = YES;
				SDKROOT = iphoneos;
				SWIFT_ACTIVE_COMPILATION_CONDITIONS = DEBUG;
				SWIFT_OPTIMIZATION_LEVEL = "-Onone";
			};
			name = Debug;
		};
		DD41A9032414BDC300F38991 /* Release */ = {
			isa = XCBuildConfiguration;
			buildSettings = {
				ALWAYS_SEARCH_USER_PATHS = NO;
				CLANG_ANALYZER_NONNULL = YES;
				CLANG_ANALYZER_NUMBER_OBJECT_CONVERSION = YES_AGGRESSIVE;
				CLANG_CXX_LANGUAGE_STANDARD = "gnu++14";
				CLANG_CXX_LIBRARY = "libc++";
				CLANG_ENABLE_MODULES = YES;
				CLANG_ENABLE_OBJC_ARC = YES;
				CLANG_ENABLE_OBJC_WEAK = YES;
				CLANG_WARN_BLOCK_CAPTURE_AUTORELEASING = YES;
				CLANG_WARN_BOOL_CONVERSION = YES;
				CLANG_WARN_COMMA = YES;
				CLANG_WARN_CONSTANT_CONVERSION = YES;
				CLANG_WARN_DEPRECATED_OBJC_IMPLEMENTATIONS = YES;
				CLANG_WARN_DIRECT_OBJC_ISA_USAGE = YES_ERROR;
				CLANG_WARN_DOCUMENTATION_COMMENTS = YES;
				CLANG_WARN_EMPTY_BODY = YES;
				CLANG_WARN_ENUM_CONVERSION = YES;
				CLANG_WARN_INFINITE_RECURSION = YES;
				CLANG_WARN_INT_CONVERSION = YES;
				CLANG_WARN_NON_LITERAL_NULL_CONVERSION = YES;
				CLANG_WARN_OBJC_IMPLICIT_RETAIN_SELF = YES;
				CLANG_WARN_OBJC_LITERAL_CONVERSION = YES;
				CLANG_WARN_OBJC_ROOT_CLASS = YES_ERROR;
				CLANG_WARN_RANGE_LOOP_ANALYSIS = YES;
				CLANG_WARN_STRICT_PROTOTYPES = YES;
				CLANG_WARN_SUSPICIOUS_MOVE = YES;
				CLANG_WARN_UNGUARDED_AVAILABILITY = YES_AGGRESSIVE;
				CLANG_WARN_UNREACHABLE_CODE = YES;
				CLANG_WARN__DUPLICATE_METHOD_MATCH = YES;
				COPY_PHASE_STRIP = NO;
				DEBUG_INFORMATION_FORMAT = "dwarf-with-dsym";
				ENABLE_NS_ASSERTIONS = NO;
				ENABLE_STRICT_OBJC_MSGSEND = YES;
				GCC_C_LANGUAGE_STANDARD = gnu11;
				GCC_NO_COMMON_BLOCKS = YES;
				GCC_WARN_64_TO_32_BIT_CONVERSION = YES;
				GCC_WARN_ABOUT_RETURN_TYPE = YES_ERROR;
				GCC_WARN_UNDECLARED_SELECTOR = YES;
				GCC_WARN_UNINITIALIZED_AUTOS = YES_AGGRESSIVE;
				GCC_WARN_UNUSED_FUNCTION = YES;
				GCC_WARN_UNUSED_VARIABLE = YES;
				IPHONEOS_DEPLOYMENT_TARGET = 13.2;
				MTL_ENABLE_DEBUG_INFO = NO;
				MTL_FAST_MATH = YES;
				SDKROOT = iphoneos;
				SWIFT_COMPILATION_MODE = wholemodule;
				SWIFT_OPTIMIZATION_LEVEL = "-O";
				VALIDATE_PRODUCT = YES;
			};
			name = Release;
		};
		DD41A9052414BDC300F38991 /* Debug */ = {
			isa = XCBuildConfiguration;
			buildSettings = {
				ASSETCATALOG_COMPILER_APPICON_NAME = AppIcon;
				CODE_SIGN_STYLE = Automatic;
				DEVELOPMENT_ASSET_PATHS = "\"PengChauFerry/Preview Content\"";
				DEVELOPMENT_TEAM = FE3JVHBHV2;
				ENABLE_PREVIEWS = YES;
				INFOPLIST_FILE = PengChauFerry/Info.plist;
				LD_RUNPATH_SEARCH_PATHS = (
					"$(inherited)",
					"@executable_path/Frameworks",
				);
				PRODUCT_BUNDLE_IDENTIFIER = com.lunesu.PengChauFerry;
				PRODUCT_NAME = "$(TARGET_NAME)";
				SWIFT_VERSION = 5.0;
				TARGETED_DEVICE_FAMILY = "1,2";
			};
			name = Debug;
		};
		DD41A9062414BDC300F38991 /* Release */ = {
			isa = XCBuildConfiguration;
			buildSettings = {
				ASSETCATALOG_COMPILER_APPICON_NAME = AppIcon;
				CODE_SIGN_STYLE = Automatic;
				DEVELOPMENT_ASSET_PATHS = "\"PengChauFerry/Preview Content\"";
				DEVELOPMENT_TEAM = FE3JVHBHV2;
				ENABLE_PREVIEWS = YES;
				INFOPLIST_FILE = PengChauFerry/Info.plist;
				LD_RUNPATH_SEARCH_PATHS = (
					"$(inherited)",
					"@executable_path/Frameworks",
				);
				PRODUCT_BUNDLE_IDENTIFIER = com.lunesu.PengChauFerry;
				PRODUCT_NAME = "$(TARGET_NAME)";
				SWIFT_VERSION = 5.0;
				TARGETED_DEVICE_FAMILY = "1,2";
			};
			name = Release;
		};
		DD41A9082414BDC300F38991 /* Debug */ = {
			isa = XCBuildConfiguration;
			buildSettings = {
				ALWAYS_EMBED_SWIFT_STANDARD_LIBRARIES = YES;
				BUNDLE_LOADER = "$(TEST_HOST)";
				CODE_SIGN_STYLE = Automatic;
				DEVELOPMENT_TEAM = FE3JVHBHV2;
				INFOPLIST_FILE = PengChauFerryTests/Info.plist;
				IPHONEOS_DEPLOYMENT_TARGET = 13.2;
				LD_RUNPATH_SEARCH_PATHS = (
					"$(inherited)",
					"@executable_path/Frameworks",
					"@loader_path/Frameworks",
				);
				PRODUCT_BUNDLE_IDENTIFIER = com.lunesu.PengChauFerryTests;
				PRODUCT_NAME = "$(TARGET_NAME)";
				SWIFT_VERSION = 5.0;
				TARGETED_DEVICE_FAMILY = "1,2";
				TEST_HOST = "$(BUILT_PRODUCTS_DIR)/PengChauFerry.app/PengChauFerry";
			};
			name = Debug;
		};
		DD41A9092414BDC300F38991 /* Release */ = {
			isa = XCBuildConfiguration;
			buildSettings = {
				ALWAYS_EMBED_SWIFT_STANDARD_LIBRARIES = YES;
				BUNDLE_LOADER = "$(TEST_HOST)";
				CODE_SIGN_STYLE = Automatic;
				DEVELOPMENT_TEAM = FE3JVHBHV2;
				INFOPLIST_FILE = PengChauFerryTests/Info.plist;
				IPHONEOS_DEPLOYMENT_TARGET = 13.2;
				LD_RUNPATH_SEARCH_PATHS = (
					"$(inherited)",
					"@executable_path/Frameworks",
					"@loader_path/Frameworks",
				);
				PRODUCT_BUNDLE_IDENTIFIER = com.lunesu.PengChauFerryTests;
				PRODUCT_NAME = "$(TARGET_NAME)";
				SWIFT_VERSION = 5.0;
				TARGETED_DEVICE_FAMILY = "1,2";
				TEST_HOST = "$(BUILT_PRODUCTS_DIR)/PengChauFerry.app/PengChauFerry";
			};
			name = Release;
		};
		DD41A90B2414BDC300F38991 /* Debug */ = {
			isa = XCBuildConfiguration;
			buildSettings = {
				ALWAYS_EMBED_SWIFT_STANDARD_LIBRARIES = YES;
				CODE_SIGN_STYLE = Automatic;
				DEVELOPMENT_TEAM = FE3JVHBHV2;
				INFOPLIST_FILE = PengChauFerryUITests/Info.plist;
				LD_RUNPATH_SEARCH_PATHS = (
					"$(inherited)",
					"@executable_path/Frameworks",
					"@loader_path/Frameworks",
				);
				PRODUCT_BUNDLE_IDENTIFIER = com.lunesu.PengChauFerryUITests;
				PRODUCT_NAME = "$(TARGET_NAME)";
				SWIFT_VERSION = 5.0;
				TARGETED_DEVICE_FAMILY = "1,2";
				TEST_TARGET_NAME = PengChauFerry;
			};
			name = Debug;
		};
		DD41A90C2414BDC300F38991 /* Release */ = {
			isa = XCBuildConfiguration;
			buildSettings = {
				ALWAYS_EMBED_SWIFT_STANDARD_LIBRARIES = YES;
				CODE_SIGN_STYLE = Automatic;
				DEVELOPMENT_TEAM = FE3JVHBHV2;
				INFOPLIST_FILE = PengChauFerryUITests/Info.plist;
				LD_RUNPATH_SEARCH_PATHS = (
					"$(inherited)",
					"@executable_path/Frameworks",
					"@loader_path/Frameworks",
				);
				PRODUCT_BUNDLE_IDENTIFIER = com.lunesu.PengChauFerryUITests;
				PRODUCT_NAME = "$(TARGET_NAME)";
				SWIFT_VERSION = 5.0;
				TARGETED_DEVICE_FAMILY = "1,2";
				TEST_TARGET_NAME = PengChauFerry;
			};
			name = Release;
		};
/* End XCBuildConfiguration section */

/* Begin XCConfigurationList section */
		DD41A8D52414BDC000F38991 /* Build configuration list for PBXProject "PengChauFerry" */ = {
			isa = XCConfigurationList;
			buildConfigurations = (
				DD41A9022414BDC300F38991 /* Debug */,
				DD41A9032414BDC300F38991 /* Release */,
			);
			defaultConfigurationIsVisible = 0;
			defaultConfigurationName = Release;
		};
		DD41A9042414BDC300F38991 /* Build configuration list for PBXNativeTarget "PengChauFerry" */ = {
			isa = XCConfigurationList;
			buildConfigurations = (
				DD41A9052414BDC300F38991 /* Debug */,
				DD41A9062414BDC300F38991 /* Release */,
			);
			defaultConfigurationIsVisible = 0;
			defaultConfigurationName = Release;
		};
		DD41A9072414BDC300F38991 /* Build configuration list for PBXNativeTarget "PengChauFerryTests" */ = {
			isa = XCConfigurationList;
			buildConfigurations = (
				DD41A9082414BDC300F38991 /* Debug */,
				DD41A9092414BDC300F38991 /* Release */,
			);
			defaultConfigurationIsVisible = 0;
			defaultConfigurationName = Release;
		};
		DD41A90A2414BDC300F38991 /* Build configuration list for PBXNativeTarget "PengChauFerryUITests" */ = {
			isa = XCConfigurationList;
			buildConfigurations = (
				DD41A90B2414BDC300F38991 /* Debug */,
				DD41A90C2414BDC300F38991 /* Release */,
			);
			defaultConfigurationIsVisible = 0;
			defaultConfigurationName = Release;
		};
/* End XCConfigurationList section */
	};
	rootObject = DD41A8D22414BDC000F38991 /* Project object */;
}
